
Microsoft Visual Studio Solution File, Format Version 12.00
# Visual Studio Version 17
VisualStudioVersion = 17.13.35828.75 d17.13
MinimumVisualStudioVersion = 10.0.40219.1
Project("{FAE04EC0-301F-11D3-BF4B-00C04F79EFBC}") = "WebsiteLibrary", "WebsiteLibrary\WebsiteLibrary.csproj", "{E7F172D3-45E3-45A6-A954-324F2F98C718}"
EndProject
Global
	GlobalSection(SolutionConfigurationPlatforms) = preSolution
		Debug|Any CPU = Debug|Any CPU
		Release|Any CPU = Release|Any CPU
	EndGlobalSection
	GlobalSection(ProjectConfigurationPlatforms) = postSolution
		{E7F172D3-45E3-45A6-A954-324F2F98C718}.Debug|Any CPU.ActiveCfg = Debug|Any CPU
		{E7F172D3-45E3-45A6-A954-324F2F98C718}.Debug|Any CPU.Build.0 = Debug|Any CPU
		{E7F172D3-45E3-45A6-A954-324F2F98C718}.Release|Any CPU.ActiveCfg = Release|Any CPU
		{E7F172D3-45E3-45A6-A954-324F2F98C718}.Release|Any CPU.Build.0 = Release|Any CPU
	EndGlobalSection
	GlobalSection(SolutionProperties) = preSolution
		HideSolutionNode = FALSE
	EndGlobalSection
	GlobalSection(ExtensibilityGlobals) = postSolution
		SolutionGuid = {FCD366BE-8C9E-4544-8366-0597B35ADF26}
	EndGlobalSection
EndGlobal
